
Microsoft Visual Studio Solution File, Format Version 12.00
# Visual Studio Version 16
VisualStudioVersion = 25.0.1704.0
MinimumVisualStudioVersion = 10.0.40219.1
Project("{FAE04EC0-301F-11D3-BF4B-00C04F79EFBC}") = "ITC-BE", "ITC-BE\ITC-BE.csproj", "{56B3EC3E-639B-4A90-979E-4D04379DA043}"
EndProject
Project("{FAE04EC0-301F-11D3-BF4B-00C04F79EFBC}") = "ITC.Core", "ITC.Core\ITC.Core.csproj", "{204DA4D7-FC8A-4F98-9732-E056829110E3}"
EndProject
Project("{FAE04EC0-301F-11D3-BF4B-00C04F79EFBC}") = "ITC.Data", "ITC.Data\ITC.Data.csproj", "{9EE838FE-03E2-4598-9DB1-8C0B8F1447AE}"
EndProject
Global
	GlobalSection(SolutionConfigurationPlatforms) = preSolution
		Debug|Any CPU = Debug|Any CPU
		Release|Any CPU = Release|Any CPU
	EndGlobalSection
	GlobalSection(ProjectConfigurationPlatforms) = postSolution
		{56B3EC3E-639B-4A90-979E-4D04379DA043}.Debug|Any CPU.ActiveCfg = Debug|Any CPU
		{56B3EC3E-639B-4A90-979E-4D04379DA043}.Debug|Any CPU.Build.0 = Debug|Any CPU
		{56B3EC3E-639B-4A90-979E-4D04379DA043}.Release|Any CPU.ActiveCfg = Release|Any CPU
		{56B3EC3E-639B-4A90-979E-4D04379DA043}.Release|Any CPU.Build.0 = Release|Any CPU
		{204DA4D7-FC8A-4F98-9732-E056829110E3}.Debug|Any CPU.ActiveCfg = Debug|Any CPU
		{204DA4D7-FC8A-4F98-9732-E056829110E3}.Debug|Any CPU.Build.0 = Debug|Any CPU
		{204DA4D7-FC8A-4F98-9732-E056829110E3}.Release|Any CPU.ActiveCfg = Release|Any CPU
		{204DA4D7-FC8A-4F98-9732-E056829110E3}.Release|Any CPU.Build.0 = Release|Any CPU
		{9EE838FE-03E2-4598-9DB1-8C0B8F1447AE}.Debug|Any CPU.ActiveCfg = Debug|Any CPU
		{9EE838FE-03E2-4598-9DB1-8C0B8F1447AE}.Debug|Any CPU.Build.0 = Debug|Any CPU
		{9EE838FE-03E2-4598-9DB1-8C0B8F1447AE}.Release|Any CPU.ActiveCfg = Release|Any CPU
		{9EE838FE-03E2-4598-9DB1-8C0B8F1447AE}.Release|Any CPU.Build.0 = Release|Any CPU
	EndGlobalSection
	GlobalSection(SolutionProperties) = preSolution
		HideSolutionNode = FALSE
	EndGlobalSection
	GlobalSection(ExtensibilityGlobals) = postSolution
		SolutionGuid = {0AC93F77-F7CF-484D-A0F8-23A1A6BC100B}
	EndGlobalSection
EndGlobal
